<?xml version="1.0" encoding="utf-8"?>
<Project ToolsVersion="4.0" xmlns="http://schemas.microsoft.com/developer/msbuild/2003">
  <ItemGroup>
    <Filter Include="Исходные файлы">
      <UniqueIdentifier>{4FC737F1-C7A5-4376-A066-2A32D752A2FF}</UniqueIdentifier>
      <Extensions>cpp;c;cc;cxx;c++;cppm;ixx;def;odl;idl;hpj;bat;asm;asmx</Extensions>
    </Filter>
    <Filter Include="Файлы заголовков">
      <UniqueIdentifier>{93995380-89BD-4b04-88EB-625FBE52EBFB}</UniqueIdentifier>
      <Extensions>h;hh;hpp;hxx;h++;hm;inl;inc;ipp;xsd</Extensions>
    </Filter>
    <Filter Include="Файлы ресурсов">
      <UniqueIdentifier>{67DA6AB6-F800-4c08-8B7A-83BB121AAD01}</UniqueIdentifier>
      <Extensions>rc;ico;cur;bmp;dlg;rc2;rct;bin;rgs;gif;jpg;jpeg;jpe;resx;tiff;tif;png;wav;mfcribbon-ms</Extensions>
    </Filter>
    <Filter Include="Исходные файлы\First">
      <UniqueIdentifier>{0ee2165f-090d-498b-9259-0648007eb3b3}</UniqueIdentifier>
    </Filter>
    <Filter Include="Исходные файлы\Twoo">
      <UniqueIdentifier>{710adfed-277b-4b79-b0ee-d86eccece57f}</UniqueIdentifier>
    </Filter>
  </ItemGroup>
  <ItemGroup>
    <ClCompile Include="main.cpp">
      <Filter>Исходные файлы</Filter>
    </ClCompile>
    <ClCompile Include="First\first.cpp">
      <Filter>Исходные файлы\First</Filter>
    </ClCompile>
    <ClCompile Include="Twoo\twoo.cpp">
      <Filter>Исходные файлы\Twoo</Filter>
    </ClCompile>
  </ItemGroup>
  <ItemGroup>
    <ClInclude Include="First\first.h">
      <Filter>Исходные файлы\First</Filter>
    </ClInclude>
    <ClInclude Include="Twoo\twoo.h">
      <Filter>Исходные файлы\Twoo</Filter>
    </ClInclude>
  </ItemGroup>
</Project>